{
  "object": {
    "pins": [
      {
        "package": "ActiveLabel",
        "repositoryURL": "https://github.com/optonaut/ActiveLabel.swift",
        "state": {
          "branch": null,
          "revision": "dacc4cfbcdf511424985ce8a1a9260345bd8f2d5",
          "version": "1.1.0"
        }
      },
      {
        "package": "Alamofire",
        "repositoryURL": "https://github.com/Alamofire/Alamofire",
        "state": {
          "branch": null,
          "revision": "2777659076fda38bd4e487739ee331c7a65b5924",
          "version": "5.2.1"
        }
      },
      {
        "package": "AlamofireNetworkActivityIndicator",
        "repositoryURL": "https://github.com/Alamofire/AlamofireNetworkActivityIndicator",
        "state": {
          "branch": null,
          "revision": "392bed083e8d193aca16bfa684ee24e4bcff0510",
          "version": "3.1.0"
        }
      },
      {
        "package": "AlamofireObjectMapper",
        "repositoryURL": "https://github.com/openium/AlamofireObjectMapper",
        "state": {
          "branch": "master",
          "revision": "00aa950f2874988e82c5deeff551b7b83fd98209",
          "version": null
        }
      },
      {
        "package": "Eureka",
        "repositoryURL": "https://github.com/xmartlabs/Eureka",
        "state": {
          "branch": null,
          "revision": "9a30ae436ec9e9fcb8b3eb1bdfd95e95989d6ca5",
          "version": "5.2.1"
        }
      },
      {
        "package": "Hero",
        "repositoryURL": "https://github.com/HeroTransitions/Hero",
        "state": {
          "branch": null,
          "revision": "ae951b89f23485de8a7b95aaa5cead7f78ab1df0",
          "version": "1.5.0"
        }
      },
      {
        "package": "Kingfisher",
        "repositoryURL": "https://github.com/onevcat/Kingfisher",
        "state": {
          "branch": null,
          "revision": "1339ebea9498ef6c3fc75cc195d7163d7c7167f9",
          "version": "5.14.1"
        }
      },
      {
        "package": "MXParallaxHeader",
        "repositoryURL": "https://github.com/maxep/MXParallaxHeader",
        "state": {
          "branch": "master",
          "revision": "095ec37ed5fd998fead504e3627560932ff8dd11",
          "version": null
        }
      },
      {
        "package": "ObjectMapper",
        "repositoryURL": "https://github.com/tristanhimmelman/ObjectMapper",
        "state": {
          "branch": null,
          "revision": "0b96a734de3ea1c87374ae677064f86adb0716ec",
          "version": "4.2.0"
        }
      },
      {
        "package": "OHHTTPStubs",
        "repositoryURL": "https://github.com/AliSoftware/OHHTTPStubs.git",
        "state": {
          "branch": null,
          "revision": "e92b5a5746ef16add2a1424f1fc19529d9a75cde",
          "version": "9.0.0"
        }
      },
      {
        "package": "Realm",
        "repositoryURL": "https://github.com/realm/realm-cocoa",
        "state": {
          "branch": null,
          "revision": "20091eb21fa0e72b031750a9df158e487b02defd",
          "version": "5.3.0"
        }
      },
      {
        "package": "RealmCore",
        "repositoryURL": "https://github.com/realm/realm-core",
        "state": {
          "branch": null,
          "revision": "38307ec3665c2bcd39bfe6425b598332ed87d69f",
          "version": "6.0.9"
        }
      },
      {
        "package": "RxAlamofire",
        "repositoryURL": "https://github.com/RxSwiftCommunity/RxAlamofire",
        "state": {
          "branch": null,
          "revision": "48e33f5aba14369ce529e90fd612384f0a0076bd",
          "version": "5.6.0"
        }
      },
      {
        "package": "RxDataSources",
        "repositoryURL": "https://github.com/RxSwiftCommunity/RxDataSources",
        "state": {
          "branch": null,
          "revision": "a18cee01c9ee55f04d0c7eb15c77a96c3648c88e",
          "version": "4.0.1"
        }
      },
      {
        "package": "RxRealm",
        "repositoryURL": "https://github.com/RxSwiftCommunity/RxRealm",
        "state": {
          "branch": null,
          "revision": "4dcae40562b5a086dd4711fa8a596be0436dc474",
          "version": "3.1.0"
        }
      },
      {
        "package": "RxSwift",
        "repositoryURL": "https://github.com/ReactiveX/RxSwift",
        "state": {
          "branch": null,
          "revision": "002d325b0bdee94e7882e1114af5ff4fe1e96afa",
          "version": "5.1.1"
        }
      },
      {
        "package": "RxSwiftExt",
        "repositoryURL": "https://github.com/RxSwiftCommunity/RxSwiftExt",
        "state": {
          "branch": null,
          "revision": "9620cd55a58c1cf3370375140c45379c40049f55",
          "version": "5.2.0"
        }
      },
      {
        "package": "Siren",
        "repositoryURL": "https://github.com/ArtSabintsev/Siren",
        "state": {
          "branch": null,
          "revision": "1a37f10ef2750c7ccf12ce363215c542860db29b",
          "version": "5.4.4"
        }
      },
      {
        "package": "SwiftiumKit",
        "repositoryURL": "https://github.com/openium/SwiftiumKit",
        "state": {
          "branch": null,
          "revision": "670760bd63b5916ae383199e8703fd391613468d",
          "version": "2.1.0"
        }
      },
      {
        "package": "SwiftyAttributes",
        "repositoryURL": "https://github.com/eddiekaiger/SwiftyAttributes",
        "state": {
          "branch": null,
          "revision": "0fbf992e6e4e1b98954f3d48f8523a67dfa5c8f3",
          "version": "5.2.0"
        }
      },
      {
        "package": "SwiftyUserDefaults",
        "repositoryURL": "https://github.com/sunshinejr/SwiftyUserDefaults",
        "state": {
          "branch": null,
          "revision": "1930a81a299b074fd72eee09e88e452ad37dc34d",
          "version": "5.0.0"
        }
      }
    ]
  },
  "version": 1
}
